{
  "name": "todo-list",
  "lockfileVersion": 3,
  "requires": true,
  "packages": {
    "": {
      "dependencies": {
        "@a1rth/css-normalize": "^1.2.1"
      }
    },
    "node_modules/@a1rth/css-normalize": {
      "version": "1.2.1",
      "resolved": "https://registry.npmjs.org/@a1rth/css-normalize/-/css-normalize-1.2.1.tgz",
      "integrity": "sha512-xKEuc5E5WmNY2A0tNfMxYze98Ja3IN1makfvBrzVGufbW2nEBoF6TicAbnw/AELN0LkQuKy694+v2tfZ+vH8tg==",
      "license": "MIT"
    }
  }
}
